<?xml version="1.0" encoding="utf-8"?>
<Project ToolsVersion="4.0" xmlns="http://schemas.microsoft.com/developer/msbuild/2003">
  <ItemGroup>
    <Filter Include="99.Defines">
      <UniqueIdentifier>{8c591318-15da-4ab5-b108-cece8bf9b4ff}</UniqueIdentifier>
    </Filter>
    <Filter Include="98.Default">
      <UniqueIdentifier>{a5d7bb35-f60e-4e85-ab2b-29cb4ae4c032}</UniqueIdentifier>
    </Filter>
    <Filter Include="00.MainApp">
      <UniqueIdentifier>{e6010c80-2883-4fc2-a6f6-ce0528d5ebf3}</UniqueIdentifier>
    </Filter>
    <Filter Include="01.Level">
      <UniqueIdentifier>{0b8ec721-c28f-451e-b757-50c51a21f922}</UniqueIdentifier>
    </Filter>
    <Filter Include="01.Level\99.Loading">
      <UniqueIdentifier>{703b851b-5e87-4f19-ae17-6dd977e9b740}</UniqueIdentifier>
    </Filter>
    <Filter Include="01.Level\99.Loading\Loader">
      <UniqueIdentifier>{c4ee70b7-b4c6-4fa4-8dab-9120dcb92c53}</UniqueIdentifier>
    </Filter>
    <Filter Include="02.GameObjects">
      <UniqueIdentifier>{30e5a356-2ca5-4a6b-a213-83b9dd46555e}</UniqueIdentifier>
    </Filter>
    <Filter Include="01.Level\00.GamePlay">
      <UniqueIdentifier>{3c568b36-eb82-4660-a444-b3034e67d6da}</UniqueIdentifier>
    </Filter>
    <Filter Include="97.IMGUI">
      <UniqueIdentifier>{871a9861-3ac5-4274-b312-5a263c75354b}</UniqueIdentifier>
    </Filter>
    <Filter Include="97.IMGUI\Plugin">
      <UniqueIdentifier>{deafa4fd-162b-4826-aeed-8c1d57afb415}</UniqueIdentifier>
    </Filter>
    <Filter Include="97.IMGUI\Tap">
      <UniqueIdentifier>{8ddf4c73-62da-4b46-94da-b23a1e7cfe5e}</UniqueIdentifier>
    </Filter>
    <Filter Include="97.IMGUI\Tap\IMGUI_Shader_Tab">
      <UniqueIdentifier>{2bf9007a-1d5d-42e0-9c61-dffd73b17475}</UniqueIdentifier>
    </Filter>
    <Filter Include="97.IMGUI\Tap\IMGUI_UI_Tab">
      <UniqueIdentifier>{1d0db8c7-17eb-4550-b9f2-b5bfc768b40d}</UniqueIdentifier>
    </Filter>
    <Filter Include="97.IMGUI\Tap\IMGUI_Effect_Tab">
      <UniqueIdentifier>{28e285c3-67fb-462a-8fcf-6e9ebebde4a3}</UniqueIdentifier>
    </Filter>
    <Filter Include="97.IMGUI\Tap\IMGUI_Animation_Tab">
      <UniqueIdentifier>{dbf2a29a-d723-4ed7-bbfd-2e7dfec4b380}</UniqueIdentifier>
    </Filter>
    <Filter Include="02.GameObjects\Monster">
      <UniqueIdentifier>{48b3df65-2088-440e-aef4-4a29cfd0b387}</UniqueIdentifier>
    </Filter>
    <Filter Include="02.GameObjects\Camera">
      <UniqueIdentifier>{b362e33a-b9f1-461c-86ab-664700762dd2}</UniqueIdentifier>
    </Filter>
    <Filter Include="02.GameObjects\Camera\Free">
      <UniqueIdentifier>{d27343f5-a3bb-400e-9f55-c6d55c0435ad}</UniqueIdentifier>
    </Filter>
    <Filter Include="96.ShaderFiles">
      <UniqueIdentifier>{c881f2c1-b10f-4b5a-862f-a35ba28adfd1}</UniqueIdentifier>
    </Filter>
    <Filter Include="02.GameObjects\Model_Preview">
      <UniqueIdentifier>{d70fdf43-0e6e-4d1b-8c36-4b9a0377cca1}</UniqueIdentifier>
    </Filter>
  </ItemGroup>
  <ItemGroup>
    <ClInclude Include="Client.h">
      <Filter>98.Default</Filter>
    </ClInclude>
    <ClInclude Include="Resource.h">
      <Filter>98.Default</Filter>
    </ClInclude>
    <ClInclude Include="stdafx.h">
      <Filter>98.Default</Filter>
    </ClInclude>
    <ClInclude Include="targetver.h">
      <Filter>98.Default</Filter>
    </ClInclude>
    <ClInclude Include="..\public\MainApp.h">
      <Filter>00.MainApp</Filter>
    </ClInclude>
    <ClInclude Include="..\Public\Client_Defines.h">
      <Filter>99.Defines</Filter>
    </ClInclude>
    <ClInclude Include="..\Public\Level_GamePlay.h">
      <Filter>01.Level\00.GamePlay</Filter>
    </ClInclude>
    <ClInclude Include="..\Public\Level_Loading.h">
      <Filter>01.Level\99.Loading</Filter>
    </ClInclude>
    <ClInclude Include="..\Public\Loader.h">
      <Filter>01.Level\99.Loading\Loader</Filter>
    </ClInclude>
    <ClInclude Include="..\Public\Imgui_Manager.h">
      <Filter>97.IMGUI</Filter>
    </ClInclude>
    <ClInclude Include="..\Public\imgui_internal.h">
      <Filter>97.IMGUI\Plugin</Filter>
    </ClInclude>
    <ClInclude Include="..\Public\imconfig.h">
      <Filter>97.IMGUI\Plugin</Filter>
    </ClInclude>
    <ClInclude Include="..\Public\imgui.h">
      <Filter>97.IMGUI\Plugin</Filter>
    </ClInclude>
    <ClInclude Include="..\Public\imgui_impl_dx11.h">
      <Filter>97.IMGUI\Plugin</Filter>
    </ClInclude>
    <ClInclude Include="..\Public\imgui_impl_win32.h">
      <Filter>97.IMGUI\Plugin</Filter>
    </ClInclude>
    <ClInclude Include="..\Public\imstb_rectpack.h">
      <Filter>97.IMGUI\Plugin</Filter>
    </ClInclude>
    <ClInclude Include="..\Public\imstb_textedit.h">
      <Filter>97.IMGUI\Plugin</Filter>
    </ClInclude>
    <ClInclude Include="..\Public\imstb_truetype.h">
      <Filter>97.IMGUI\Plugin</Filter>
    </ClInclude>
    <ClInclude Include="..\public\IMGUI_Tab.h">
      <Filter>97.IMGUI\Tap</Filter>
    </ClInclude>
    <ClInclude Include="..\public\IMGUI_Shader_Tab.h">
      <Filter>97.IMGUI\Tap\IMGUI_Shader_Tab</Filter>
    </ClInclude>
    <ClInclude Include="..\Public\IMGUI_Animation_Tab.h">
      <Filter>97.IMGUI\Tap\IMGUI_Animation_Tab</Filter>
    </ClInclude>
    <ClInclude Include="..\Public\IMGUI_Effect_Tab.h">
      <Filter>97.IMGUI\Tap\IMGUI_Effect_Tab</Filter>
    </ClInclude>
    <ClInclude Include="..\Public\IMGUI_UI_Tab.h">
      <Filter>97.IMGUI\Tap\IMGUI_UI_Tab</Filter>
    </ClInclude>
    <ClInclude Include="..\Public\Monster.h">
      <Filter>02.GameObjects\Monster</Filter>
    </ClInclude>
    <ClInclude Include="..\Public\Camera_Free.h">
      <Filter>02.GameObjects\Camera\Free</Filter>
    </ClInclude>
    <ClInclude Include="..\Public\Model_Preview.h">
      <Filter>02.GameObjects\Model_Preview</Filter>
    </ClInclude>
  </ItemGroup>
  <ItemGroup>
    <ClCompile Include="Client.cpp">
      <Filter>98.Default</Filter>
    </ClCompile>
    <ClCompile Include="stdafx.cpp">
      <Filter>98.Default</Filter>
    </ClCompile>
    <ClCompile Include="..\private\MainApp.cpp">
      <Filter>00.MainApp</Filter>
    </ClCompile>
    <ClCompile Include="..\Private\Level_GamePlay.cpp">
      <Filter>01.Level\00.GamePlay</Filter>
    </ClCompile>
    <ClCompile Include="..\Private\Level_Loading.cpp">
      <Filter>01.Level\99.Loading</Filter>
    </ClCompile>
    <ClCompile Include="..\Private\Loader.cpp">
      <Filter>01.Level\99.Loading\Loader</Filter>
    </ClCompile>
    <ClCompile Include="..\Private\Imgui_Manager.cpp">
      <Filter>97.IMGUI</Filter>
    </ClCompile>
    <ClCompile Include="..\Private\imgui.cpp">
      <Filter>97.IMGUI\Plugin</Filter>
    </ClCompile>
    <ClCompile Include="..\Private\imgui_demo.cpp">
      <Filter>97.IMGUI\Plugin</Filter>
    </ClCompile>
    <ClCompile Include="..\Private\imgui_draw.cpp">
      <Filter>97.IMGUI\Plugin</Filter>
    </ClCompile>
    <ClCompile Include="..\Private\imgui_impl_dx11.cpp">
      <Filter>97.IMGUI\Plugin</Filter>
    </ClCompile>
    <ClCompile Include="..\Private\imgui_impl_win32.cpp">
      <Filter>97.IMGUI\Plugin</Filter>
    </ClCompile>
    <ClCompile Include="..\Private\imgui_tables.cpp">
      <Filter>97.IMGUI\Plugin</Filter>
    </ClCompile>
    <ClCompile Include="..\Private\imgui_widgets.cpp">
      <Filter>97.IMGUI\Plugin</Filter>
    </ClCompile>
    <ClCompile Include="..\private\IMGUI_Tab.cpp">
      <Filter>97.IMGUI\Tap</Filter>
    </ClCompile>
    <ClCompile Include="..\private\IMGUI_Shader_Tab.cpp">
      <Filter>97.IMGUI\Tap\IMGUI_Shader_Tab</Filter>
    </ClCompile>
    <ClCompile Include="..\Private\IMGUI_UI_Tab.cpp">
      <Filter>97.IMGUI\Tap\IMGUI_UI_Tab</Filter>
    </ClCompile>
    <ClCompile Include="..\Private\IMGUI_Effect_Tab.cpp">
      <Filter>97.IMGUI\Tap\IMGUI_Effect_Tab</Filter>
    </ClCompile>
    <ClCompile Include="..\Private\IMGUI_Animation_Tab.cpp">
      <Filter>97.IMGUI\Tap\IMGUI_Animation_Tab</Filter>
    </ClCompile>
    <ClCompile Include="..\Private\Monster.cpp">
      <Filter>02.GameObjects\Monster</Filter>
    </ClCompile>
    <ClCompile Include="..\Private\Camera_Free.cpp">
      <Filter>02.GameObjects\Camera\Free</Filter>
    </ClCompile>
    <ClCompile Include="..\Private\Model_Preview.cpp">
      <Filter>02.GameObjects\Model_Preview</Filter>
    </ClCompile>
  </ItemGroup>
  <ItemGroup>
    <Image Include="Client.ico">
      <Filter>98.Default</Filter>
    </Image>
    <Image Include="small.ico">
      <Filter>98.Default</Filter>
    </Image>
  </ItemGroup>
  <ItemGroup>
    <ResourceCompile Include="Client.rc">
      <Filter>98.Default</Filter>
    </ResourceCompile>
  </ItemGroup>
  <ItemGroup>
    <FxCompile Include="..\Bin\ShaderFiles\Shader_VtxAnimMesh.hlsl">
      <Filter>96.ShaderFiles</Filter>
    </FxCompile>
  </ItemGroup>
</Project>