<?xml version="1.0" encoding="utf-8"?>
<Project ToolsVersion="4.0" xmlns="http://schemas.microsoft.com/developer/msbuild/2003">
  <ItemGroup>
    <Filter Include="99.Defines">
      <UniqueIdentifier>{8c591318-15da-4ab5-b108-cece8bf9b4ff}</UniqueIdentifier>
    </Filter>
    <Filter Include="98.Default">
      <UniqueIdentifier>{a5d7bb35-f60e-4e85-ab2b-29cb4ae4c032}</UniqueIdentifier>
    </Filter>
    <Filter Include="00.MainApp">
      <UniqueIdentifier>{e6010c80-2883-4fc2-a6f6-ce0528d5ebf3}</UniqueIdentifier>
    </Filter>
    <Filter Include="01.Level">
      <UniqueIdentifier>{0b8ec721-c28f-451e-b757-50c51a21f922}</UniqueIdentifier>
    </Filter>
    <Filter Include="01.Level\99.Loading">
      <UniqueIdentifier>{703b851b-5e87-4f19-ae17-6dd977e9b740}</UniqueIdentifier>
    </Filter>
    <Filter Include="01.Level\99.Loading\Loader">
      <UniqueIdentifier>{c4ee70b7-b4c6-4fa4-8dab-9120dcb92c53}</UniqueIdentifier>
    </Filter>
    <Filter Include="02.GameObjects">
      <UniqueIdentifier>{30e5a356-2ca5-4a6b-a213-83b9dd46555e}</UniqueIdentifier>
    </Filter>
    <Filter Include="01.Level\00.GamePlay">
      <UniqueIdentifier>{3c568b36-eb82-4660-a444-b3034e67d6da}</UniqueIdentifier>
    </Filter>
    <Filter Include="97.IMGUI">
      <UniqueIdentifier>{871a9861-3ac5-4274-b312-5a263c75354b}</UniqueIdentifier>
    </Filter>
    <Filter Include="97.IMGUI\Plugin">
      <UniqueIdentifier>{deafa4fd-162b-4826-aeed-8c1d57afb415}</UniqueIdentifier>
    </Filter>
    <Filter Include="97.IMGUI\Tap">
      <UniqueIdentifier>{8ddf4c73-62da-4b46-94da-b23a1e7cfe5e}</UniqueIdentifier>
    </Filter>
    <Filter Include="97.IMGUI\Tap\IMGUI_Shader_Tab">
      <UniqueIdentifier>{2bf9007a-1d5d-42e0-9c61-dffd73b17475}</UniqueIdentifier>
    </Filter>
    <Filter Include="97.IMGUI\Tap\IMGUI_UI_Tab">
      <UniqueIdentifier>{1d0db8c7-17eb-4550-b9f2-b5bfc768b40d}</UniqueIdentifier>
    </Filter>
    <Filter Include="97.IMGUI\Tap\IMGUI_Effect_Tab">
      <UniqueIdentifier>{28e285c3-67fb-462a-8fcf-6e9ebebde4a3}</UniqueIdentifier>
    </Filter>
    <Filter Include="97.IMGUI\Tap\IMGUI_Animation_Tab">
      <UniqueIdentifier>{dbf2a29a-d723-4ed7-bbfd-2e7dfec4b380}</UniqueIdentifier>
    </Filter>
    <Filter Include="02.GameObjects\Camera">
      <UniqueIdentifier>{b362e33a-b9f1-461c-86ab-664700762dd2}</UniqueIdentifier>
    </Filter>
    <Filter Include="02.GameObjects\Camera\Free">
      <UniqueIdentifier>{d27343f5-a3bb-400e-9f55-c6d55c0435ad}</UniqueIdentifier>
    </Filter>
    <Filter Include="96.ShaderFiles">
      <UniqueIdentifier>{c881f2c1-b10f-4b5a-862f-a35ba28adfd1}</UniqueIdentifier>
    </Filter>
    <Filter Include="02.GameObjects\UI">
      <UniqueIdentifier>{4ac33916-2ecf-4e1d-9fe0-e7e4c8e0e68b}</UniqueIdentifier>
    </Filter>
    <Filter Include="02.GameObjects\UI\AttBuf">
      <UniqueIdentifier>{174b8222-a690-44d2-80b9-c280172cf07b}</UniqueIdentifier>
    </Filter>
    <Filter Include="02.GameObjects\UI\Chara_Icon">
      <UniqueIdentifier>{858d4f96-b8bf-4cfd-b89d-7ca06a7f655c}</UniqueIdentifier>
    </Filter>
    <Filter Include="02.GameObjects\UI\Cursor">
      <UniqueIdentifier>{00c7ba57-e4ba-4fcc-9252-dfc34c76b181}</UniqueIdentifier>
    </Filter>
    <Filter Include="02.GameObjects\UI\Hp">
      <UniqueIdentifier>{00941d54-f040-463a-a1bc-c5a592f1d9e8}</UniqueIdentifier>
    </Filter>
    <Filter Include="02.GameObjects\UI\Manager">
      <UniqueIdentifier>{e0cac42f-aa71-4d38-a146-e515ac068f8a}</UniqueIdentifier>
    </Filter>
    <Filter Include="02.GameObjects\UI\Timer">
      <UniqueIdentifier>{d08679a8-db6e-48b3-a3d9-3647262fb885}</UniqueIdentifier>
    </Filter>
    <Filter Include="02.GameObjects\UI\AttBuf\AttBuf">
      <UniqueIdentifier>{0875a66a-f7c7-4df4-adaf-8ba9cdfa68e4}</UniqueIdentifier>
    </Filter>
    <Filter Include="02.GameObjects\UI\AttBuf\AttBufMark">
      <UniqueIdentifier>{fd2d44d9-4bda-4209-ba7e-52df7b9e6235}</UniqueIdentifier>
    </Filter>
    <Filter Include="02.GameObjects\UI\Hp\HpPanel">
      <UniqueIdentifier>{af6f303a-ff41-4098-a67a-a30b20e2f051}</UniqueIdentifier>
    </Filter>
    <Filter Include="02.GameObjects\UI\Skill">
      <UniqueIdentifier>{8af830a2-bf10-4246-9b4c-da217b0a0e3a}</UniqueIdentifier>
    </Filter>
    <Filter Include="02.GameObjects\UI\Skill\SkillGauge">
      <UniqueIdentifier>{03be62f9-a537-486e-babf-2f985dd8f4fd}</UniqueIdentifier>
    </Filter>
    <Filter Include="02.GameObjects\UI\Skill\SkillNumber">
      <UniqueIdentifier>{945dedb7-2310-428c-92b7-d3bf73f9da37}</UniqueIdentifier>
    </Filter>
    <Filter Include="02.GameObjects\UI\AttBuf\AttBufEffect">
      <UniqueIdentifier>{24732d6a-3eeb-4d4c-a280-5d97b5c33d21}</UniqueIdentifier>
    </Filter>
    <Filter Include="02.GameObjects\UI\Hp\HpGauge">
      <UniqueIdentifier>{54435702-1bed-42c6-829a-6d6ca31c43d6}</UniqueIdentifier>
    </Filter>
    <Filter Include="02.GameObjects\UI\Chara_Icon\Icon">
      <UniqueIdentifier>{d57fed1f-be73-42c8-a152-5db2a580cb10}</UniqueIdentifier>
    </Filter>
    <Filter Include="02.GameObjects\UI\Chara_Icon\Panel">
      <UniqueIdentifier>{43f6ccdc-0eeb-4355-a922-46ce8a5a68c6}</UniqueIdentifier>
    </Filter>
    <Filter Include="02.GameObjects\UI\Skill\SkillGaugeBar">
      <UniqueIdentifier>{e3d6c943-52a0-45d4-9a67-736c026e5dc4}</UniqueIdentifier>
    </Filter>
    <Filter Include="02.GameObjects\UI\AttBuf\AttBufThunderEffect">
      <UniqueIdentifier>{55e9df8b-78fe-488f-83b6-e89a736b0904}</UniqueIdentifier>
    </Filter>
    <Filter Include="02.GameObjects\UI\AttBuf\AttBufNone">
      <UniqueIdentifier>{2de4858f-aa72-437a-8df8-60e8c62cbe55}</UniqueIdentifier>
    </Filter>
    <Filter Include="02.GameObjects\UI\Combo">
      <UniqueIdentifier>{397c5dea-0624-4bfb-b277-46c53e816284}</UniqueIdentifier>
    </Filter>
    <Filter Include="02.GameObjects\UI\Combo\Number">
      <UniqueIdentifier>{da8df0b2-4ba5-4217-81ae-2a280e0857ac}</UniqueIdentifier>
    </Filter>
    <Filter Include="02.GameObjects\UI\Combo\Font">
      <UniqueIdentifier>{791b1df1-c73e-4cd4-a15f-e9c06bef33d9}</UniqueIdentifier>
    </Filter>
    <Filter Include="02.GameObjects\UI\Combo\Effect">
      <UniqueIdentifier>{e4331be0-f3aa-44c9-a0aa-7c30f79e76b2}</UniqueIdentifier>
    </Filter>
    <Filter Include="02.GameObjects\Pawn">
      <UniqueIdentifier>{48b3df65-2088-440e-aef4-4a29cfd0b387}</UniqueIdentifier>
    </Filter>
    <Filter Include="02.GameObjects\Pawn\Monster">
      <UniqueIdentifier>{f32a15d7-0036-43da-a07e-0572965e7d26}</UniqueIdentifier>
    </Filter>
    <Filter Include="02.GameObjects\Pawn\Player">
      <UniqueIdentifier>{e15191a1-d182-4cc0-9424-3f21c06e6fef}</UniqueIdentifier>
    </Filter>
    <Filter Include="02.GameObjects\UI\Hp\SubHpGauge">
      <UniqueIdentifier>{a407ce47-96a1-41a6-bcd4-9cb7cf1e47ee}</UniqueIdentifier>
    </Filter>
    <Filter Include="02.GameObjects\Pawn\Sub">
      <UniqueIdentifier>{38783f42-d2aa-4bc3-ba55-0c23c2efa146}</UniqueIdentifier>
    </Filter>
    <Filter Include="97.IMGUI\Tap\IMGUI_Object_Tab">
      <UniqueIdentifier>{47930f86-8285-4090-a54f-9f4c256d5495}</UniqueIdentifier>
    </Filter>
    <Filter Include="97.IMGUI\Tap\IMGUI_Level_Tab">
      <UniqueIdentifier>{ee0af8d6-1528-4db2-9e7b-3e906fe86406}</UniqueIdentifier>
    </Filter>
    <Filter Include="02.GameObjects\Player">
      <UniqueIdentifier>{e18df143-928f-433f-983e-8a14191acc99}</UniqueIdentifier>
    </Filter>
    <Filter Include="02.GameObjects\Effect">
      <UniqueIdentifier>{d8f025ca-2643-45a5-b6e3-c62e9fc77590}</UniqueIdentifier>
    </Filter>
    <Filter Include="02.GameObjects\UI\GameEnd">
      <UniqueIdentifier>{0e711b5f-d746-4c75-9a3b-addb2a5a3982}</UniqueIdentifier>
    </Filter>
    <Filter Include="02.GameObjects\UI\GameEnd\Font">
      <UniqueIdentifier>{fd41ee65-367d-4d36-87de-12e250cb82bc}</UniqueIdentifier>
    </Filter>
    <Filter Include="02.GameObjects\UI\GameState">
      <UniqueIdentifier>{a98447fb-15b2-4844-a335-8779fac81470}</UniqueIdentifier>
    </Filter>
    <Filter Include="02.GameObjects\UI\GameState\Circle">
      <UniqueIdentifier>{88c598ec-231c-479b-be3b-a8b0fe5fd694}</UniqueIdentifier>
    </Filter>
    <Filter Include="02.GameObjects\UI\GameState\Emblem">
      <UniqueIdentifier>{7114070c-743e-4f1b-9732-2a0c291c6a6b}</UniqueIdentifier>
    </Filter>
    <Filter Include="02.GameObjects\UI\GameState\Font">
      <UniqueIdentifier>{cf38ea3c-8ae1-40f0-a8fb-a49c3f586563}</UniqueIdentifier>
    </Filter>
    <Filter Include="02.GameObjects\UI\GameState\Font\Ready">
      <UniqueIdentifier>{b7f79c96-51cf-465c-b513-4e7353bdcf3e}</UniqueIdentifier>
    </Filter>
    <Filter Include="02.GameObjects\UI\GameState\Font\Fight">
      <UniqueIdentifier>{376f56a2-6519-40cd-b34f-76f1d8749380}</UniqueIdentifier>
    </Filter>
    <Filter Include="02.GameObjects\UI\GameState\Font\KO">
      <UniqueIdentifier>{aca5a2da-c163-407b-a68f-01916810a255}</UniqueIdentifier>
    </Filter>
    <Filter Include="01.Level\01.Logo">
      <UniqueIdentifier>{3bd8efd3-0afa-4c0a-814e-2a7871f6d911}</UniqueIdentifier>
    </Filter>
    <Filter Include="02.GameObjects\BackGround">
      <UniqueIdentifier>{0dc4ab17-a9f7-4613-b7cc-2f5c966e1562}</UniqueIdentifier>
    </Filter>
    <Filter Include="02.GameObjects\BackGround\Logo">
      <UniqueIdentifier>{ff16a923-f66c-48dd-b6a7-539888d9a0b8}</UniqueIdentifier>
    </Filter>
  </ItemGroup>
  <ItemGroup>
    <ClInclude Include="Client.h">
      <Filter>98.Default</Filter>
    </ClInclude>
    <ClInclude Include="Resource.h">
      <Filter>98.Default</Filter>
    </ClInclude>
    <ClInclude Include="stdafx.h">
      <Filter>98.Default</Filter>
    </ClInclude>
    <ClInclude Include="targetver.h">
      <Filter>98.Default</Filter>
    </ClInclude>
    <ClInclude Include="..\public\MainApp.h">
      <Filter>00.MainApp</Filter>
    </ClInclude>
    <ClInclude Include="..\Public\Client_Defines.h">
      <Filter>99.Defines</Filter>
    </ClInclude>
    <ClInclude Include="..\Public\Level_Loading.h">
      <Filter>01.Level\99.Loading</Filter>
    </ClInclude>
    <ClInclude Include="..\Public\Loader.h">
      <Filter>01.Level\99.Loading\Loader</Filter>
    </ClInclude>
    <ClInclude Include="..\Public\Imgui_Manager.h">
      <Filter>97.IMGUI</Filter>
    </ClInclude>
    <ClInclude Include="..\Public\imgui_internal.h">
      <Filter>97.IMGUI\Plugin</Filter>
    </ClInclude>
    <ClInclude Include="..\Public\imconfig.h">
      <Filter>97.IMGUI\Plugin</Filter>
    </ClInclude>
    <ClInclude Include="..\Public\imgui.h">
      <Filter>97.IMGUI\Plugin</Filter>
    </ClInclude>
    <ClInclude Include="..\Public\imgui_impl_dx11.h">
      <Filter>97.IMGUI\Plugin</Filter>
    </ClInclude>
    <ClInclude Include="..\Public\imgui_impl_win32.h">
      <Filter>97.IMGUI\Plugin</Filter>
    </ClInclude>
    <ClInclude Include="..\Public\imstb_rectpack.h">
      <Filter>97.IMGUI\Plugin</Filter>
    </ClInclude>
    <ClInclude Include="..\Public\imstb_textedit.h">
      <Filter>97.IMGUI\Plugin</Filter>
    </ClInclude>
    <ClInclude Include="..\Public\imstb_truetype.h">
      <Filter>97.IMGUI\Plugin</Filter>
    </ClInclude>
    <ClInclude Include="..\public\IMGUI_Tab.h">
      <Filter>97.IMGUI\Tap</Filter>
    </ClInclude>
    <ClInclude Include="..\public\IMGUI_Shader_Tab.h">
      <Filter>97.IMGUI\Tap\IMGUI_Shader_Tab</Filter>
    </ClInclude>
    <ClInclude Include="..\Public\IMGUI_Animation_Tab.h">
      <Filter>97.IMGUI\Tap\IMGUI_Animation_Tab</Filter>
    </ClInclude>
    <ClInclude Include="..\Public\IMGUI_Effect_Tab.h">
      <Filter>97.IMGUI\Tap\IMGUI_Effect_Tab</Filter>
    </ClInclude>
    <ClInclude Include="..\Public\IMGUI_UI_Tab.h">
      <Filter>97.IMGUI\Tap\IMGUI_UI_Tab</Filter>
    </ClInclude>
    <ClInclude Include="..\Public\Camera_Free.h">
      <Filter>02.GameObjects\Camera\Free</Filter>
    </ClInclude>
    <ClInclude Include="..\Public\UI_AttBuf.h">
      <Filter>02.GameObjects\UI\AttBuf\AttBuf</Filter>
    </ClInclude>
    <ClInclude Include="..\Public\UI_AttBufMark.h">
      <Filter>02.GameObjects\UI\AttBuf\AttBufMark</Filter>
    </ClInclude>
    <ClInclude Include="..\Public\UI_BaseAttBuf.h">
      <Filter>02.GameObjects\UI\AttBuf</Filter>
    </ClInclude>
    <ClInclude Include="..\Public\UI_Cursor.h">
      <Filter>02.GameObjects\UI\Cursor</Filter>
    </ClInclude>
    <ClInclude Include="..\Public\UI_HpPanel.h">
      <Filter>02.GameObjects\UI\Hp\HpPanel</Filter>
    </ClInclude>
    <ClInclude Include="..\Public\UI_Manager.h">
      <Filter>02.GameObjects\UI\Manager</Filter>
    </ClInclude>
    <ClInclude Include="..\Public\UI_Skill.h">
      <Filter>02.GameObjects\UI\Skill</Filter>
    </ClInclude>
    <ClInclude Include="..\Public\UI_SkillGauge.h">
      <Filter>02.GameObjects\UI\Skill\SkillGauge</Filter>
    </ClInclude>
    <ClInclude Include="..\Public\UI_SkillNumber.h">
      <Filter>02.GameObjects\UI\Skill\SkillNumber</Filter>
    </ClInclude>
    <ClInclude Include="..\Public\UI_Timer.h">
      <Filter>02.GameObjects\UI\Timer</Filter>
    </ClInclude>
    <ClInclude Include="..\Public\UIObject.h">
      <Filter>02.GameObjects\UI</Filter>
    </ClInclude>
    <ClInclude Include="..\public\UI_AttBufEffect.h">
      <Filter>02.GameObjects\UI\AttBuf\AttBufEffect</Filter>
    </ClInclude>
    <ClInclude Include="..\public\UI_HpGauge.h">
      <Filter>02.GameObjects\UI\Hp\HpGauge</Filter>
    </ClInclude>
    <ClInclude Include="..\Public\UI_Chara_Icon.h">
      <Filter>02.GameObjects\UI\Chara_Icon\Icon</Filter>
    </ClInclude>
    <ClInclude Include="..\public\UI_Chara_Icon_Panel.h">
      <Filter>02.GameObjects\UI\Chara_Icon\Panel</Filter>
    </ClInclude>
    <ClInclude Include="..\public\UI_SkillGaugeBar.h">
      <Filter>02.GameObjects\UI\Skill\SkillGaugeBar</Filter>
    </ClInclude>
    <ClInclude Include="..\public\UI_AttBufThunderEffect.h">
      <Filter>02.GameObjects\UI\AttBuf\AttBufThunderEffect</Filter>
    </ClInclude>
    <ClInclude Include="..\public\UI_AttBufNone.h">
      <Filter>02.GameObjects\UI\AttBuf\AttBufNone</Filter>
    </ClInclude>
    <ClInclude Include="..\public\UI_ComboNumber.h">
      <Filter>02.GameObjects\UI\Combo\Number</Filter>
    </ClInclude>
    <ClInclude Include="..\public\UI_Combo.h">
      <Filter>02.GameObjects\UI\Combo</Filter>
    </ClInclude>
    <ClInclude Include="..\public\UI_ComboFont.h">
      <Filter>02.GameObjects\UI\Combo\Font</Filter>
    </ClInclude>
    <ClInclude Include="..\public\UI_ComboEffect.h">
      <Filter>02.GameObjects\UI\Combo\Effect</Filter>
    </ClInclude>
    <ClInclude Include="..\Public\Monster.h">
      <Filter>02.GameObjects\Pawn\Monster</Filter>
    </ClInclude>
    <ClInclude Include="..\public\Player.h">
      <Filter>02.GameObjects\Pawn\Player</Filter>
    </ClInclude>
    <ClInclude Include="..\public\Pawn.h">
      <Filter>02.GameObjects\Pawn</Filter>
    </ClInclude>
    <ClInclude Include="..\public\UI_SubHpGauge.h">
      <Filter>02.GameObjects\UI\Hp\SubHpGauge</Filter>
    </ClInclude>
    <ClInclude Include="..\public\SubPlayer.h">
      <Filter>02.GameObjects\Pawn\Sub</Filter>
    </ClInclude>
    <ClInclude Include="..\Public\Player.h">
      <Filter>02.GameObjects\Player</Filter>
    </ClInclude>
    <ClInclude Include="..\public\UI_GameStartCircle.h">
      <Filter>02.GameObjects\UI\GameState\Circle</Filter>
    </ClInclude>
    <ClInclude Include="..\public\UI_GameState.h">
      <Filter>02.GameObjects\UI\GameState</Filter>
    </ClInclude>
    <ClInclude Include="..\public\UI_StartEmblem.h">
      <Filter>02.GameObjects\UI\GameState\Emblem</Filter>
    </ClInclude>
    <ClInclude Include="..\public\UI_ReadyFont.h">
      <Filter>02.GameObjects\UI\GameState\Font\Ready</Filter>
    </ClInclude>
    <ClInclude Include="..\public\UI_FightFont.h">
      <Filter>02.GameObjects\UI\GameState\Font\Fight</Filter>
    </ClInclude>
    <ClInclude Include="..\public\UI_KOFont.h">
      <Filter>02.GameObjects\UI\GameState\Font\KO</Filter>
    </ClInclude>
    <ClInclude Include="..\Public\Level_GamePlay.h">
      <Filter>01.Level\00.GamePlay</Filter>
    </ClInclude>
    <ClInclude Include="..\public\Level_Logo.h">
      <Filter>01.Level\01.Logo</Filter>
    </ClInclude>
    <ClInclude Include="..\public\BackGround.h">
      <Filter>02.GameObjects\BackGround</Filter>
    </ClInclude>
    <ClInclude Include="..\public\UI_Logo.h">
      <Filter>02.GameObjects\BackGround\Logo</Filter>
    </ClInclude>
  </ItemGroup>
  <ItemGroup>
    <ClCompile Include="Client.cpp">
      <Filter>98.Default</Filter>
    </ClCompile>
    <ClCompile Include="stdafx.cpp">
      <Filter>98.Default</Filter>
    </ClCompile>
    <ClCompile Include="..\private\MainApp.cpp">
      <Filter>00.MainApp</Filter>
    </ClCompile>
    <ClCompile Include="..\Private\Level_Loading.cpp">
      <Filter>01.Level\99.Loading</Filter>
    </ClCompile>
    <ClCompile Include="..\Private\Loader.cpp">
      <Filter>01.Level\99.Loading\Loader</Filter>
    </ClCompile>
    <ClCompile Include="..\Private\Imgui_Manager.cpp">
      <Filter>97.IMGUI</Filter>
    </ClCompile>
    <ClCompile Include="..\Private\imgui.cpp">
      <Filter>97.IMGUI\Plugin</Filter>
    </ClCompile>
    <ClCompile Include="..\Private\imgui_demo.cpp">
      <Filter>97.IMGUI\Plugin</Filter>
    </ClCompile>
    <ClCompile Include="..\Private\imgui_draw.cpp">
      <Filter>97.IMGUI\Plugin</Filter>
    </ClCompile>
    <ClCompile Include="..\Private\imgui_impl_dx11.cpp">
      <Filter>97.IMGUI\Plugin</Filter>
    </ClCompile>
    <ClCompile Include="..\Private\imgui_impl_win32.cpp">
      <Filter>97.IMGUI\Plugin</Filter>
    </ClCompile>
    <ClCompile Include="..\Private\imgui_tables.cpp">
      <Filter>97.IMGUI\Plugin</Filter>
    </ClCompile>
    <ClCompile Include="..\Private\imgui_widgets.cpp">
      <Filter>97.IMGUI\Plugin</Filter>
    </ClCompile>
    <ClCompile Include="..\private\IMGUI_Tab.cpp">
      <Filter>97.IMGUI\Tap</Filter>
    </ClCompile>
    <ClCompile Include="..\private\IMGUI_Shader_Tab.cpp">
      <Filter>97.IMGUI\Tap\IMGUI_Shader_Tab</Filter>
    </ClCompile>
    <ClCompile Include="..\Private\IMGUI_UI_Tab.cpp">
      <Filter>97.IMGUI\Tap\IMGUI_UI_Tab</Filter>
    </ClCompile>
    <ClCompile Include="..\Private\IMGUI_Effect_Tab.cpp">
      <Filter>97.IMGUI\Tap\IMGUI_Effect_Tab</Filter>
    </ClCompile>
    <ClCompile Include="..\Private\IMGUI_Animation_Tab.cpp">
      <Filter>97.IMGUI\Tap\IMGUI_Animation_Tab</Filter>
    </ClCompile>
    <ClCompile Include="..\Private\Camera_Free.cpp">
      <Filter>02.GameObjects\Camera\Free</Filter>
    </ClCompile>
    <ClCompile Include="..\Private\UIObject.cpp">
      <Filter>02.GameObjects\UI</Filter>
    </ClCompile>
    <ClCompile Include="..\Private\UI_AttBuf.cpp">
      <Filter>02.GameObjects\UI\AttBuf\AttBuf</Filter>
    </ClCompile>
    <ClCompile Include="..\Private\UI_AttBufMark.cpp">
      <Filter>02.GameObjects\UI\AttBuf\AttBufMark</Filter>
    </ClCompile>
    <ClCompile Include="..\Private\UI_BaseAttBuf.cpp">
      <Filter>02.GameObjects\UI\AttBuf</Filter>
    </ClCompile>
    <ClCompile Include="..\Private\UI_Cursor.cpp">
      <Filter>02.GameObjects\UI\Cursor</Filter>
    </ClCompile>
    <ClCompile Include="..\Private\UI_HpPanel.cpp">
      <Filter>02.GameObjects\UI\Hp\HpPanel</Filter>
    </ClCompile>
    <ClCompile Include="..\Private\UI_Manager.cpp">
      <Filter>02.GameObjects\UI\Manager</Filter>
    </ClCompile>
    <ClCompile Include="..\Private\UI_Skill.cpp">
      <Filter>02.GameObjects\UI\Skill</Filter>
    </ClCompile>
    <ClCompile Include="..\Private\UI_SkillGauge.cpp">
      <Filter>02.GameObjects\UI\Skill\SkillGauge</Filter>
    </ClCompile>
    <ClCompile Include="..\Private\UI_SkillNumber.cpp">
      <Filter>02.GameObjects\UI\Skill\SkillNumber</Filter>
    </ClCompile>
    <ClCompile Include="..\Private\UI_Timer.cpp">
      <Filter>02.GameObjects\UI\Timer</Filter>
    </ClCompile>
    <ClCompile Include="..\private\UI_AttBufEffect.cpp">
      <Filter>02.GameObjects\UI\AttBuf\AttBufEffect</Filter>
    </ClCompile>
    <ClCompile Include="..\private\UI_HpGauge.cpp">
      <Filter>02.GameObjects\UI\Hp\HpGauge</Filter>
    </ClCompile>
    <ClCompile Include="..\Private\UI_Chara_Icon.cpp">
      <Filter>02.GameObjects\UI\Chara_Icon\Icon</Filter>
    </ClCompile>
    <ClCompile Include="..\private\UI_Chara_Icon_Panel.cpp">
      <Filter>02.GameObjects\UI\Chara_Icon\Panel</Filter>
    </ClCompile>
    <ClCompile Include="..\private\UI_SkillGaugeBar.cpp">
      <Filter>02.GameObjects\UI\Skill\SkillGaugeBar</Filter>
    </ClCompile>
    <ClCompile Include="..\private\UI_AttBufThunderEffect.cpp">
      <Filter>02.GameObjects\UI\AttBuf\AttBufThunderEffect</Filter>
    </ClCompile>
    <ClCompile Include="..\private\UI_AttBufNone.cpp">
      <Filter>02.GameObjects\UI\AttBuf\AttBufNone</Filter>
    </ClCompile>
    <ClCompile Include="..\private\UI_ComboNumber.cpp">
      <Filter>02.GameObjects\UI\Combo\Number</Filter>
    </ClCompile>
    <ClCompile Include="..\private\UI_Combo.cpp">
      <Filter>02.GameObjects\UI\Combo</Filter>
    </ClCompile>
    <ClCompile Include="..\private\UI_ComboFont.cpp">
      <Filter>02.GameObjects\UI\Combo\Font</Filter>
    </ClCompile>
    <ClCompile Include="..\private\UI_ComboEffect.cpp">
      <Filter>02.GameObjects\UI\Combo\Effect</Filter>
    </ClCompile>
    <ClCompile Include="..\Private\Monster.cpp">
      <Filter>02.GameObjects\Pawn\Monster</Filter>
    </ClCompile>
    <ClCompile Include="..\private\Player.cpp">
      <Filter>02.GameObjects\Pawn\Player</Filter>
    </ClCompile>
    <ClCompile Include="..\private\Pawn.cpp">
      <Filter>02.GameObjects\Pawn</Filter>
    </ClCompile>
    <ClCompile Include="..\private\UI_SubHpGauge.cpp">
      <Filter>02.GameObjects\UI\Hp\SubHpGauge</Filter>
    </ClCompile>
    <ClCompile Include="..\private\SubPlayer.cpp">
      <Filter>02.GameObjects\Pawn\Sub</Filter>
    </ClCompile>
    <ClCompile Include="..\Private\Player.cpp">
      <Filter>02.GameObjects\Player</Filter>
    </ClCompile>
    <ClCompile Include="..\private\UI_GameStartCircle.cpp">
      <Filter>02.GameObjects\UI\GameState\Circle</Filter>
    </ClCompile>
    <ClCompile Include="..\private\UI_GameState.cpp">
      <Filter>02.GameObjects\UI\GameState</Filter>
    </ClCompile>
    <ClCompile Include="..\private\UI_StartEmblem.cpp">
      <Filter>02.GameObjects\UI\GameState\Emblem</Filter>
    </ClCompile>
    <ClCompile Include="..\private\UI_ReadyFont.cpp">
      <Filter>02.GameObjects\UI\GameState\Font\Ready</Filter>
    </ClCompile>
    <ClCompile Include="..\private\UI_FightFont.cpp">
      <Filter>02.GameObjects\UI\GameState\Font\Fight</Filter>
    </ClCompile>
    <ClCompile Include="..\private\UI_KOFont.cpp">
      <Filter>02.GameObjects\UI\GameState\Font\KO</Filter>
    </ClCompile>
    <ClCompile Include="..\Private\Level_GamePlay.cpp">
      <Filter>01.Level\00.GamePlay</Filter>
    </ClCompile>
    <ClCompile Include="..\private\Level_Logo.cpp">
      <Filter>01.Level\01.Logo</Filter>
    </ClCompile>
    <ClCompile Include="..\private\BackGround.cpp">
      <Filter>02.GameObjects\BackGround</Filter>
    </ClCompile>
    <ClCompile Include="..\private\UI_Logo.cpp">
      <Filter>02.GameObjects\BackGround\Logo</Filter>
    </ClCompile>
  </ItemGroup>
  <ItemGroup>
    <Image Include="Client.ico">
      <Filter>98.Default</Filter>
    </Image>
    <Image Include="small.ico">
      <Filter>98.Default</Filter>
    </Image>
  </ItemGroup>
  <ItemGroup>
    <ResourceCompile Include="Client.rc">
      <Filter>98.Default</Filter>
    </ResourceCompile>
  </ItemGroup>
  <ItemGroup>
    <FxCompile Include="..\Bin\ShaderFiles\Shader_VtxAnimMesh.hlsl">
      <Filter>96.ShaderFiles</Filter>
    </FxCompile>
    <FxCompile Include="..\Bin\ShaderFiles\Shader_UI_VtxRect.hlsl">
      <Filter>96.ShaderFiles</Filter>
    </FxCompile>
    <FxCompile Include="..\Bin\ShaderFiles\Shader_VtxPosTex.hlsl">
      <Filter>96.ShaderFiles</Filter>
    </FxCompile>
  </ItemGroup>
</Project>