<?xml version="1.0" encoding="utf-8"?>
<Project ToolsVersion="4.0" xmlns="http://schemas.microsoft.com/developer/msbuild/2003">
  <ItemGroup>
    <ClCompile Include="..\Private\RenderInstance.cpp">
      <Filter>00.RenderInstance</Filter>
    </ClCompile>
    <ClCompile Include="..\Private\Renderer.cpp">
      <Filter>01.Renderer</Filter>
    </ClCompile>
    <ClCompile Include="..\Private\RenderTarget.cpp">
      <Filter>02.RenderTarget</Filter>
    </ClCompile>
    <ClCompile Include="..\Private\Target_Manager.cpp">
      <Filter>03.Target_Manager</Filter>
    </ClCompile>
  </ItemGroup>
  <ItemGroup>
    <ClInclude Include="..\Public\RenderInstance.h">
      <Filter>00.RenderInstance</Filter>
    </ClInclude>
    <ClInclude Include="..\Public\Renderer.h">
      <Filter>01.Renderer</Filter>
    </ClInclude>
    <ClInclude Include="..\Public\Renderer_Defines.h">
      <Filter>99.Defines</Filter>
    </ClInclude>
    <ClInclude Include="..\Public\RenderTarget.h">
      <Filter>02.RenderTarget</Filter>
    </ClInclude>
    <ClInclude Include="..\Public\Target_Manager.h">
      <Filter>03.Target_Manager</Filter>
    </ClInclude>
  </ItemGroup>
  <ItemGroup>
    <Filter Include="00.RenderInstance">
      <UniqueIdentifier>{76cd8321-d797-41a2-b055-243789390757}</UniqueIdentifier>
    </Filter>
    <Filter Include="01.Renderer">
      <UniqueIdentifier>{86de73c8-9d91-4e6d-ad47-1c12ad218cf0}</UniqueIdentifier>
    </Filter>
    <Filter Include="99.Defines">
      <UniqueIdentifier>{dbbb9c61-040b-497a-b09d-b311fe3ec6fb}</UniqueIdentifier>
    </Filter>
    <Filter Include="98.ShaderFiles">
      <UniqueIdentifier>{93e36a74-e9f0-43e0-a97f-fea157c3294b}</UniqueIdentifier>
    </Filter>
    <Filter Include="02.RenderTarget">
      <UniqueIdentifier>{e9f7fbab-8b61-4190-9268-bf7bb7c9e07a}</UniqueIdentifier>
    </Filter>
    <Filter Include="03.Target_Manager">
      <UniqueIdentifier>{9d25979a-07f0-441d-a738-6208daf8d944}</UniqueIdentifier>
    </Filter>
  </ItemGroup>
  <ItemGroup>
    <None Include="..\Bin\ShaderFiles\Renderer_Shader_Defines.hlsli">
      <Filter>98.ShaderFiles</Filter>
    </None>
  </ItemGroup>
  <ItemGroup>
    <FxCompile Include="..\Bin\ShaderFiles\Shader_Deferred.hlsl">
      <Filter>98.ShaderFiles</Filter>
    </FxCompile>
  </ItemGroup>
</Project>